
Microsoft Visual Studio Solution File, Format Version 11.00
# Visual Studio 2010
Project("{FAE04EC0-301F-11D3-BF4B-00C04F79EFBC}") = "ViveRestore", "Assembly-CSharp-firstpass.csproj", "{67E28A58-9612-FE09-3848-F923D3F8572F}"
EndProject
Project("{FAE04EC0-301F-11D3-BF4B-00C04F79EFBC}") = "ViveRestore", "Assembly-CSharp.csproj", "{B0E3950E-64C6-CF45-DE3C-F7B71BC76C40}"
EndProject
Project("{FAE04EC0-301F-11D3-BF4B-00C04F79EFBC}") = "ViveRestore", "Assembly-CSharp-Editor-firstpass.csproj", "{6F311E40-EB38-CD30-7242-D2A800CC6933}"
EndProject
Project("{FAE04EC0-301F-11D3-BF4B-00C04F79EFBC}") = "ViveRestore", "Assembly-CSharp-Editor.csproj", "{6C1401A5-12FA-B02B-D810-A121A0EE176E}"
EndProject
Global
	GlobalSection(SolutionConfigurationPlatforms) = preSolution
		Debug|Any CPU = Debug|Any CPU
		Release|Any CPU = Release|Any CPU
	EndGlobalSection
	GlobalSection(ProjectConfigurationPlatforms) = postSolution
		{67E28A58-9612-FE09-3848-F923D3F8572F}.Debug|Any CPU.ActiveCfg = Debug|Any CPU
		{67E28A58-9612-FE09-3848-F923D3F8572F}.Debug|Any CPU.Build.0 = Debug|Any CPU
		{67E28A58-9612-FE09-3848-F923D3F8572F}.Release|Any CPU.ActiveCfg = Release|Any CPU
		{67E28A58-9612-FE09-3848-F923D3F8572F}.Release|Any CPU.Build.0 = Release|Any CPU
		{B0E3950E-64C6-CF45-DE3C-F7B71BC76C40}.Debug|Any CPU.ActiveCfg = Debug|Any CPU
		{B0E3950E-64C6-CF45-DE3C-F7B71BC76C40}.Debug|Any CPU.Build.0 = Debug|Any CPU
		{B0E3950E-64C6-CF45-DE3C-F7B71BC76C40}.Release|Any CPU.ActiveCfg = Release|Any CPU
		{B0E3950E-64C6-CF45-DE3C-F7B71BC76C40}.Release|Any CPU.Build.0 = Release|Any CPU
		{6F311E40-EB38-CD30-7242-D2A800CC6933}.Debug|Any CPU.ActiveCfg = Debug|Any CPU
		{6F311E40-EB38-CD30-7242-D2A800CC6933}.Debug|Any CPU.Build.0 = Debug|Any CPU
		{6F311E40-EB38-CD30-7242-D2A800CC6933}.Release|Any CPU.ActiveCfg = Release|Any CPU
		{6F311E40-EB38-CD30-7242-D2A800CC6933}.Release|Any CPU.Build.0 = Release|Any CPU
		{6C1401A5-12FA-B02B-D810-A121A0EE176E}.Debug|Any CPU.ActiveCfg = Debug|Any CPU
		{6C1401A5-12FA-B02B-D810-A121A0EE176E}.Debug|Any CPU.Build.0 = Debug|Any CPU
		{6C1401A5-12FA-B02B-D810-A121A0EE176E}.Release|Any CPU.ActiveCfg = Release|Any CPU
		{6C1401A5-12FA-B02B-D810-A121A0EE176E}.Release|Any CPU.Build.0 = Release|Any CPU
	EndGlobalSection
	GlobalSection(SolutionProperties) = preSolution
		HideSolutionNode = FALSE
	EndGlobalSection
	GlobalSection(MonoDevelopProperties) = preSolution
		StartupItem = Assembly-CSharp.csproj
	EndGlobalSection
EndGlobal
